// !$*UTF8*$!
{
	archiveVersion = 1;
	classes = {
	};
	objectVersion = 56;
	objects = {

/* Begin PBXBuildFile section */
		3D0683EC29EF6DDB00DB7B2E /* HomeView.swift in Sources */ = {isa = PBXBuildFile; fileRef = 3D0683EB29EF6DDB00DB7B2E /* HomeView.swift */; };
		3DC7E30A29F0E5A60087F7F9 /* AboutView.swift in Sources */ = {isa = PBXBuildFile; fileRef = 3DC7E30929F0E5A60087F7F9 /* AboutView.swift */; };
		4781247E29EC98A300BE063C /* vfuApp.swift in Sources */ = {isa = PBXBuildFile; fileRef = 4781247D29EC98A300BE063C /* vfuApp.swift */; };
		4781248029EC98A300BE063C /* ContentView.swift in Sources */ = {isa = PBXBuildFile; fileRef = 4781247F29EC98A300BE063C /* ContentView.swift */; };
		4781248229EC98A400BE063C /* Assets.xcassets in Resources */ = {isa = PBXBuildFile; fileRef = 4781248129EC98A400BE063C /* Assets.xcassets */; };
		4781248529EC98A400BE063C /* Preview Assets.xcassets in Resources */ = {isa = PBXBuildFile; fileRef = 4781248429EC98A400BE063C /* Preview Assets.xcassets */; };
		4781248F29EC98A400BE063C /* vfuTests.swift in Sources */ = {isa = PBXBuildFile; fileRef = 4781248E29EC98A400BE063C /* vfuTests.swift */; };
		4781249929EC98A400BE063C /* vfuUITests.swift in Sources */ = {isa = PBXBuildFile; fileRef = 4781249829EC98A400BE063C /* vfuUITests.swift */; };
		4781249B29EC98A400BE063C /* vfuUITestsLaunchTests.swift in Sources */ = {isa = PBXBuildFile; fileRef = 4781249A29EC98A400BE063C /* vfuUITestsLaunchTests.swift */; };
		BBEC60B629F253420003D85F /* MenuRow.swift in Sources */ = {isa = PBXBuildFile; fileRef = BBEC60B529F253420003D85F /* MenuRow.swift */; };
		BBEC60B829F253D20003D85F /* header.swift in Sources */ = {isa = PBXBuildFile; fileRef = BBEC60B729F253D20003D85F /* header.swift */; };
		BBEC60BA29F297B90003D85F /* OurWork.swift in Sources */ = {isa = PBXBuildFile; fileRef = BBEC60B929F297B90003D85F /* OurWork.swift */; };
		BBEC60BC29F298160003D85F /* successStory.swift in Sources */ = {isa = PBXBuildFile; fileRef = BBEC60BB29F298160003D85F /* successStory.swift */; };
		BBEC60BE29F3C2FA0003D85F /* CustomButton.swift in Sources */ = {isa = PBXBuildFile; fileRef = BBEC60BD29F3C2FA0003D85F /* CustomButton.swift */; };
/* End PBXBuildFile section */

/* Begin PBXContainerItemProxy section */
		4781248B29EC98A400BE063C /* PBXContainerItemProxy */ = {
			isa = PBXContainerItemProxy;
			containerPortal = 4781247229EC98A300BE063C /* Project object */;
			proxyType = 1;
			remoteGlobalIDString = 4781247929EC98A300BE063C;
			remoteInfo = vfu;
		};
		4781249529EC98A400BE063C /* PBXContainerItemProxy */ = {
			isa = PBXContainerItemProxy;
			containerPortal = 4781247229EC98A300BE063C /* Project object */;
			proxyType = 1;
			remoteGlobalIDString = 4781247929EC98A300BE063C;
			remoteInfo = vfu;
		};
/* End PBXContainerItemProxy section */

/* Begin PBXFileReference section */
		3D0683EB29EF6DDB00DB7B2E /* HomeView.swift */ = {isa = PBXFileReference; lastKnownFileType = sourcecode.swift; path = HomeView.swift; sourceTree = "<group>"; };
		3DC7E30929F0E5A60087F7F9 /* AboutView.swift */ = {isa = PBXFileReference; lastKnownFileType = sourcecode.swift; path = AboutView.swift; sourceTree = "<group>"; };
		4781247A29EC98A300BE063C /* vfu.app */ = {isa = PBXFileReference; explicitFileType = wrapper.application; includeInIndex = 0; path = vfu.app; sourceTree = BUILT_PRODUCTS_DIR; };
		4781247D29EC98A300BE063C /* vfuApp.swift */ = {isa = PBXFileReference; lastKnownFileType = sourcecode.swift; path = vfuApp.swift; sourceTree = "<group>"; };
		4781247F29EC98A300BE063C /* ContentView.swift */ = {isa = PBXFileReference; lastKnownFileType = sourcecode.swift; path = ContentView.swift; sourceTree = "<group>"; };
		4781248129EC98A400BE063C /* Assets.xcassets */ = {isa = PBXFileReference; lastKnownFileType = folder.assetcatalog; path = Assets.xcassets; sourceTree = "<group>"; };
		4781248429EC98A400BE063C /* Preview Assets.xcassets */ = {isa = PBXFileReference; lastKnownFileType = folder.assetcatalog; path = "Preview Assets.xcassets"; sourceTree = "<group>"; };
		4781248A29EC98A400BE063C /* vfuTests.xctest */ = {isa = PBXFileReference; explicitFileType = wrapper.cfbundle; includeInIndex = 0; path = vfuTests.xctest; sourceTree = BUILT_PRODUCTS_DIR; };
		4781248E29EC98A400BE063C /* vfuTests.swift */ = {isa = PBXFileReference; lastKnownFileType = sourcecode.swift; path = vfuTests.swift; sourceTree = "<group>"; };
		4781249429EC98A400BE063C /* vfuUITests.xctest */ = {isa = PBXFileReference; explicitFileType = wrapper.cfbundle; includeInIndex = 0; path = vfuUITests.xctest; sourceTree = BUILT_PRODUCTS_DIR; };
		4781249829EC98A400BE063C /* vfuUITests.swift */ = {isa = PBXFileReference; lastKnownFileType = sourcecode.swift; path = vfuUITests.swift; sourceTree = "<group>"; };
		4781249A29EC98A400BE063C /* vfuUITestsLaunchTests.swift */ = {isa = PBXFileReference; lastKnownFileType = sourcecode.swift; path = vfuUITestsLaunchTests.swift; sourceTree = "<group>"; };
		BBEC60B529F253420003D85F /* MenuRow.swift */ = {isa = PBXFileReference; lastKnownFileType = sourcecode.swift; path = MenuRow.swift; sourceTree = "<group>"; };
		BBEC60B729F253D20003D85F /* header.swift */ = {isa = PBXFileReference; lastKnownFileType = sourcecode.swift; path = header.swift; sourceTree = "<group>"; };
		BBEC60B929F297B90003D85F /* OurWork.swift */ = {isa = PBXFileReference; lastKnownFileType = sourcecode.swift; path = OurWork.swift; sourceTree = "<group>"; };
		BBEC60BB29F298160003D85F /* successStory.swift */ = {isa = PBXFileReference; lastKnownFileType = sourcecode.swift; path = successStory.swift; sourceTree = "<group>"; };
		BBEC60BD29F3C2FA0003D85F /* CustomButton.swift */ = {isa = PBXFileReference; lastKnownFileType = sourcecode.swift; path = CustomButton.swift; sourceTree = "<group>"; };
/* End PBXFileReference section */

/* Begin PBXFrameworksBuildPhase section */
		4781247729EC98A300BE063C /* Frameworks */ = {
			isa = PBXFrameworksBuildPhase;
			buildActionMask = 2147483647;
			files = (
			);
			runOnlyForDeploymentPostprocessing = 0;
		};
		4781248729EC98A400BE063C /* Frameworks */ = {
			isa = PBXFrameworksBuildPhase;
			buildActionMask = 2147483647;
			files = (
			);
			runOnlyForDeploymentPostprocessing = 0;
		};
		4781249129EC98A400BE063C /* Frameworks */ = {
			isa = PBXFrameworksBuildPhase;
			buildActionMask = 2147483647;
			files = (
			);
			runOnlyForDeploymentPostprocessing = 0;
		};
/* End PBXFrameworksBuildPhase section */

/* Begin PBXGroup section */
		4781247129EC98A300BE063C = {
			isa = PBXGroup;
			children = (
				4781247C29EC98A300BE063C /* vfu */,
				4781248D29EC98A400BE063C /* vfuTests */,
				4781249729EC98A400BE063C /* vfuUITests */,
				4781247B29EC98A300BE063C /* Products */,
			);
			sourceTree = "<group>";
		};
		4781247B29EC98A300BE063C /* Products */ = {
			isa = PBXGroup;
			children = (
				4781247A29EC98A300BE063C /* vfu.app */,
				4781248A29EC98A400BE063C /* vfuTests.xctest */,
				4781249429EC98A400BE063C /* vfuUITests.xctest */,
			);
			name = Products;
			sourceTree = "<group>";
		};
		4781247C29EC98A300BE063C /* vfu */ = {
			isa = PBXGroup;
			children = (
				4781247D29EC98A300BE063C /* vfuApp.swift */,
				4781247F29EC98A300BE063C /* ContentView.swift */,
				BBEC60B929F297B90003D85F /* OurWork.swift */,
				BBEC60BD29F3C2FA0003D85F /* CustomButton.swift */,
				4781248129EC98A400BE063C /* Assets.xcassets */,
				4781248329EC98A400BE063C /* Preview Content */,
				3D0683EB29EF6DDB00DB7B2E /* HomeView.swift */,
				3DC7E30929F0E5A60087F7F9 /* AboutView.swift */,
				BBEC60BB29F298160003D85F /* successStory.swift */,
				BBEC60B529F253420003D85F /* MenuRow.swift */,
				BBEC60B729F253D20003D85F /* header.swift */,
			);
			path = vfu;
			sourceTree = "<group>";
		};
		4781248329EC98A400BE063C /* Preview Content */ = {
			isa = PBXGroup;
			children = (
				4781248429EC98A400BE063C /* Preview Assets.xcassets */,
			);
			path = "Preview Content";
			sourceTree = "<group>";
		};
		4781248D29EC98A400BE063C /* vfuTests */ = {
			isa = PBXGroup;
			children = (
				4781248E29EC98A400BE063C /* vfuTests.swift */,
			);
			path = vfuTests;
			sourceTree = "<group>";
		};
		4781249729EC98A400BE063C /* vfuUITests */ = {
			isa = PBXGroup;
			children = (
				4781249829EC98A400BE063C /* vfuUITests.swift */,
				4781249A29EC98A400BE063C /* vfuUITestsLaunchTests.swift */,
			);
			path = vfuUITests;
			sourceTree = "<group>";
		};
/* End PBXGroup section */

/* Begin PBXNativeTarget section */
		4781247929EC98A300BE063C /* vfu */ = {
			isa = PBXNativeTarget;
			buildConfigurationList = 4781249E29EC98A400BE063C /* Build configuration list for PBXNativeTarget "vfu" */;
			buildPhases = (
				4781247629EC98A300BE063C /* Sources */,
				4781247729EC98A300BE063C /* Frameworks */,
				4781247829EC98A300BE063C /* Resources */,
			);
			buildRules = (
			);
			dependencies = (
			);
			name = vfu;
			productName = vfu;
			productReference = 4781247A29EC98A300BE063C /* vfu.app */;
			productType = "com.apple.product-type.application";
		};
		4781248929EC98A400BE063C /* vfuTests */ = {
			isa = PBXNativeTarget;
			buildConfigurationList = 478124A129EC98A400BE063C /* Build configuration list for PBXNativeTarget "vfuTests" */;
			buildPhases = (
				4781248629EC98A400BE063C /* Sources */,
				4781248729EC98A400BE063C /* Frameworks */,
				4781248829EC98A400BE063C /* Resources */,
			);
			buildRules = (
			);
			dependencies = (
				4781248C29EC98A400BE063C /* PBXTargetDependency */,
			);
			name = vfuTests;
			productName = vfuTests;
			productReference = 4781248A29EC98A400BE063C /* vfuTests.xctest */;
			productType = "com.apple.product-type.bundle.unit-test";
		};
		4781249329EC98A400BE063C /* vfuUITests */ = {
			isa = PBXNativeTarget;
			buildConfigurationList = 478124A429EC98A400BE063C /* Build configuration list for PBXNativeTarget "vfuUITests" */;
			buildPhases = (
				4781249029EC98A400BE063C /* Sources */,
				4781249129EC98A400BE063C /* Frameworks */,
				4781249229EC98A400BE063C /* Resources */,
			);
			buildRules = (
			);
			dependencies = (
				4781249629EC98A400BE063C /* PBXTargetDependency */,
			);
			name = vfuUITests;
			productName = vfuUITests;
			productReference = 4781249429EC98A400BE063C /* vfuUITests.xctest */;
			productType = "com.apple.product-type.bundle.ui-testing";
		};
/* End PBXNativeTarget section */

/* Begin PBXProject section */
		4781247229EC98A300BE063C /* Project object */ = {
			isa = PBXProject;
			attributes = {
				BuildIndependentTargetsInParallel = 1;
				LastSwiftUpdateCheck = 1420;
				LastUpgradeCheck = 1420;
				TargetAttributes = {
					4781247929EC98A300BE063C = {
						CreatedOnToolsVersion = 14.2;
					};
					4781248929EC98A400BE063C = {
						CreatedOnToolsVersion = 14.2;
						TestTargetID = 4781247929EC98A300BE063C;
					};
					4781249329EC98A400BE063C = {
						CreatedOnToolsVersion = 14.2;
						TestTargetID = 4781247929EC98A300BE063C;
					};
				};
			};
			buildConfigurationList = 4781247529EC98A300BE063C /* Build configuration list for PBXProject "vfu" */;
			compatibilityVersion = "Xcode 14.0";
			developmentRegion = en;
			hasScannedForEncodings = 0;
			knownRegions = (
				en,
				Base,
			);
			mainGroup = 4781247129EC98A300BE063C;
			productRefGroup = 4781247B29EC98A300BE063C /* Products */;
			projectDirPath = "";
			projectRoot = "";
			targets = (
				4781247929EC98A300BE063C /* vfu */,
				4781248929EC98A400BE063C /* vfuTests */,
				4781249329EC98A400BE063C /* vfuUITests */,
			);
		};
/* End PBXProject section */

/* Begin PBXResourcesBuildPhase section */
		4781247829EC98A300BE063C /* Resources */ = {
			isa = PBXResourcesBuildPhase;
			buildActionMask = 2147483647;
			files = (
				4781248529EC98A400BE063C /* Preview Assets.xcassets in Resources */,
				4781248229EC98A400BE063C /* Assets.xcassets in Resources */,
			);
			runOnlyForDeploymentPostprocessing = 0;
		};
		4781248829EC98A400BE063C /* Resources */ = {
			isa = PBXResourcesBuildPhase;
			buildActionMask = 2147483647;
			files = (
			);
			runOnlyForDeploymentPostprocessing = 0;
		};
		4781249229EC98A400BE063C /* Resources */ = {
			isa = PBXResourcesBuildPhase;
			buildActionMask = 2147483647;
			files = (
			);
			runOnlyForDeploymentPostprocessing = 0;
		};
/* End PBXResourcesBuildPhase section */

/* Begin PBXSourcesBuildPhase section */
		4781247629EC98A300BE063C /* Sources */ = {
			isa = PBXSourcesBuildPhase;
			buildActionMask = 2147483647;
			files = (
				3DC7E30A29F0E5A60087F7F9 /* AboutView.swift in Sources */,
				3D0683EC29EF6DDB00DB7B2E /* HomeView.swift in Sources */,
				BBEC60BE29F3C2FA0003D85F /* CustomButton.swift in Sources */,
				BBEC60B829F253D20003D85F /* header.swift in Sources */,
				4781248029EC98A300BE063C /* ContentView.swift in Sources */,
				4781247E29EC98A300BE063C /* vfuApp.swift in Sources */,
				BBEC60B629F253420003D85F /* MenuRow.swift in Sources */,
				BBEC60BA29F297B90003D85F /* OurWork.swift in Sources */,
				BBEC60BC29F298160003D85F /* successStory.swift in Sources */,
			);
			runOnlyForDeploymentPostprocessing = 0;
		};
		4781248629EC98A400BE063C /* Sources */ = {
			isa = PBXSourcesBuildPhase;
			buildActionMask = 2147483647;
			files = (
				4781248F29EC98A400BE063C /* vfuTests.swift in Sources */,
			);
			runOnlyForDeploymentPostprocessing = 0;
		};
		4781249029EC98A400BE063C /* Sources */ = {
			isa = PBXSourcesBuildPhase;
			buildActionMask = 2147483647;
			files = (
				4781249B29EC98A400BE063C /* vfuUITestsLaunchTests.swift in Sources */,
				4781249929EC98A400BE063C /* vfuUITests.swift in Sources */,
			);
			runOnlyForDeploymentPostprocessing = 0;
		};
/* End PBXSourcesBuildPhase section */

/* Begin PBXTargetDependency section */
		4781248C29EC98A400BE063C /* PBXTargetDependency */ = {
			isa = PBXTargetDependency;
			target = 4781247929EC98A300BE063C /* vfu */;
			targetProxy = 4781248B29EC98A400BE063C /* PBXContainerItemProxy */;
		};
		4781249629EC98A400BE063C /* PBXTargetDependency */ = {
			isa = PBXTargetDependency;
			target = 4781247929EC98A300BE063C /* vfu */;
			targetProxy = 4781249529EC98A400BE063C /* PBXContainerItemProxy */;
		};
/* End PBXTargetDependency section */

/* Begin XCBuildConfiguration section */
		4781249C29EC98A400BE063C /* Debug */ = {
			isa = XCBuildConfiguration;
			buildSettings = {
				ALWAYS_SEARCH_USER_PATHS = NO;
				CLANG_ANALYZER_NONNULL = YES;
				CLANG_ANALYZER_NUMBER_OBJECT_CONVERSION = YES_AGGRESSIVE;
				CLANG_CXX_LANGUAGE_STANDARD = "gnu++20";
				CLANG_ENABLE_MODULES = YES;
				CLANG_ENABLE_OBJC_ARC = YES;
				CLANG_ENABLE_OBJC_WEAK = YES;
				CLANG_WARN_BLOCK_CAPTURE_AUTORELEASING = YES;
				CLANG_WARN_BOOL_CONVERSION = YES;
				CLANG_WARN_COMMA = YES;
				CLANG_WARN_CONSTANT_CONVERSION = YES;
				CLANG_WARN_DEPRECATED_OBJC_IMPLEMENTATIONS = YES;
				CLANG_WARN_DIRECT_OBJC_ISA_USAGE = YES_ERROR;
				CLANG_WARN_DOCUMENTATION_COMMENTS = YES;
				CLANG_WARN_EMPTY_BODY = YES;
				CLANG_WARN_ENUM_CONVERSION = YES;
				CLANG_WARN_INFINITE_RECURSION = YES;
				CLANG_WARN_INT_CONVERSION = YES;
				CLANG_WARN_NON_LITERAL_NULL_CONVERSION = YES;
				CLANG_WARN_OBJC_IMPLICIT_RETAIN_SELF = YES;
				CLANG_WARN_OBJC_LITERAL_CONVERSION = YES;
				CLANG_WARN_OBJC_ROOT_CLASS = YES_ERROR;
				CLANG_WARN_QUOTED_INCLUDE_IN_FRAMEWORK_HEADER = YES;
				CLANG_WARN_RANGE_LOOP_ANALYSIS = YES;
				CLANG_WARN_STRICT_PROTOTYPES = YES;
				CLANG_WARN_SUSPICIOUS_MOVE = YES;
				CLANG_WARN_UNGUARDED_AVAILABILITY = YES_AGGRESSIVE;
				CLANG_WARN_UNREACHABLE_CODE = YES;
				CLANG_WARN__DUPLICATE_METHOD_MATCH = YES;
				COPY_PHASE_STRIP = NO;
				DEBUG_INFORMATION_FORMAT = dwarf;
				ENABLE_STRICT_OBJC_MSGSEND = YES;
				ENABLE_TESTABILITY = YES;
				GCC_C_LANGUAGE_STANDARD = gnu11;
				GCC_DYNAMIC_NO_PIC = NO;
				GCC_NO_COMMON_BLOCKS = YES;
				GCC_OPTIMIZATION_LEVEL = 0;
				GCC_PREPROCESSOR_DEFINITIONS = (
					"DEBUG=1",
					"$(inherited)",
				);
				GCC_WARN_64_TO_32_BIT_CONVERSION = YES;
				GCC_WARN_ABOUT_RETURN_TYPE = YES_ERROR;
				GCC_WARN_UNDECLARED_SELECTOR = YES;
				GCC_WARN_UNINITIALIZED_AUTOS = YES_AGGRESSIVE;
				GCC_WARN_UNUSED_FUNCTION = YES;
				GCC_WARN_UNUSED_VARIABLE = YES;
				IPHONEOS_DEPLOYMENT_TARGET = 16.2;
				MTL_ENABLE_DEBUG_INFO = INCLUDE_SOURCE;
				MTL_FAST_MATH = YES;
				ONLY_ACTIVE_ARCH = YES;
				SDKROOT = iphoneos;
				SWIFT_ACTIVE_COMPILATION_CONDITIONS = DEBUG;
				SWIFT_OPTIMIZATION_LEVEL = "-Onone";
			};
			name = Debug;
		};
		4781249D29EC98A400BE063C /* Release */ = {
			isa = XCBuildConfiguration;
			buildSettings = {
				ALWAYS_SEARCH_USER_PATHS = NO;
				CLANG_ANALYZER_NONNULL = YES;
				CLANG_ANALYZER_NUMBER_OBJECT_CONVERSION = YES_AGGRESSIVE;
				CLANG_CXX_LANGUAGE_STANDARD = "gnu++20";
				CLANG_ENABLE_MODULES = YES;
				CLANG_ENABLE_OBJC_ARC = YES;
				CLANG_ENABLE_OBJC_WEAK = YES;
				CLANG_WARN_BLOCK_CAPTURE_AUTORELEASING = YES;
				CLANG_WARN_BOOL_CONVERSION = YES;
				CLANG_WARN_COMMA = YES;
				CLANG_WARN_CONSTANT_CONVERSION = YES;
				CLANG_WARN_DEPRECATED_OBJC_IMPLEMENTATIONS = YES;
				CLANG_WARN_DIRECT_OBJC_ISA_USAGE = YES_ERROR;
				CLANG_WARN_DOCUMENTATION_COMMENTS = YES;
				CLANG_WARN_EMPTY_BODY = YES;
				CLANG_WARN_ENUM_CONVERSION = YES;
				CLANG_WARN_INFINITE_RECURSION = YES;
				CLANG_WARN_INT_CONVERSION = YES;
				CLANG_WARN_NON_LITERAL_NULL_CONVERSION = YES;
				CLANG_WARN_OBJC_IMPLICIT_RETAIN_SELF = YES;
				CLANG_WARN_OBJC_LITERAL_CONVERSION = YES;
				CLANG_WARN_OBJC_ROOT_CLASS = YES_ERROR;
				CLANG_WARN_QUOTED_INCLUDE_IN_FRAMEWORK_HEADER = YES;
				CLANG_WARN_RANGE_LOOP_ANALYSIS = YES;
				CLANG_WARN_STRICT_PROTOTYPES = YES;
				CLANG_WARN_SUSPICIOUS_MOVE = YES;
				CLANG_WARN_UNGUARDED_AVAILABILITY = YES_AGGRESSIVE;
				CLANG_WARN_UNREACHABLE_CODE = YES;
				CLANG_WARN__DUPLICATE_METHOD_MATCH = YES;
				COPY_PHASE_STRIP = NO;
				DEBUG_INFORMATION_FORMAT = "dwarf-with-dsym";
				ENABLE_NS_ASSERTIONS = NO;
				ENABLE_STRICT_OBJC_MSGSEND = YES;
				GCC_C_LANGUAGE_STANDARD = gnu11;
				GCC_NO_COMMON_BLOCKS = YES;
				GCC_WARN_64_TO_32_BIT_CONVERSION = YES;
				GCC_WARN_ABOUT_RETURN_TYPE = YES_ERROR;
				GCC_WARN_UNDECLARED_SELECTOR = YES;
				GCC_WARN_UNINITIALIZED_AUTOS = YES_AGGRESSIVE;
				GCC_WARN_UNUSED_FUNCTION = YES;
				GCC_WARN_UNUSED_VARIABLE = YES;
				IPHONEOS_DEPLOYMENT_TARGET = 16.2;
				MTL_ENABLE_DEBUG_INFO = NO;
				MTL_FAST_MATH = YES;
				SDKROOT = iphoneos;
				SWIFT_COMPILATION_MODE = wholemodule;
				SWIFT_OPTIMIZATION_LEVEL = "-O";
				VALIDATE_PRODUCT = YES;
			};
			name = Release;
		};
		4781249F29EC98A400BE063C /* Debug */ = {
			isa = XCBuildConfiguration;
			buildSettings = {
				ASSETCATALOG_COMPILER_APPICON_NAME = AppIcon;
				ASSETCATALOG_COMPILER_GLOBAL_ACCENT_COLOR_NAME = AccentColor;
				CODE_SIGN_STYLE = Automatic;
				CURRENT_PROJECT_VERSION = 1;
				DEVELOPMENT_ASSET_PATHS = "\"vfu/Preview Content\"";
				DEVELOPMENT_TEAM = B5F32ZQZV9;
				ENABLE_PREVIEWS = YES;
				GENERATE_INFOPLIST_FILE = YES;
				INFOPLIST_KEY_UIApplicationSceneManifest_Generation = YES;
				INFOPLIST_KEY_UIApplicationSupportsIndirectInputEvents = YES;
				INFOPLIST_KEY_UILaunchScreen_Generation = YES;
				INFOPLIST_KEY_UISupportedInterfaceOrientations_iPad = "UIInterfaceOrientationPortrait UIInterfaceOrientationPortraitUpsideDown UIInterfaceOrientationLandscapeLeft UIInterfaceOrientationLandscapeRight";
				INFOPLIST_KEY_UISupportedInterfaceOrientations_iPhone = "UIInterfaceOrientationPortrait UIInterfaceOrientationLandscapeLeft UIInterfaceOrientationLandscapeRight";
				LD_RUNPATH_SEARCH_PATHS = (
					"$(inherited)",
					"@executable_path/Frameworks",
				);
				MARKETING_VERSION = 1.0;
				PRODUCT_BUNDLE_IDENTIFIER = winmoe.vfu;
				PRODUCT_NAME = "$(TARGET_NAME)";
				SWIFT_EMIT_LOC_STRINGS = YES;
				SWIFT_VERSION = 5.0;
				TARGETED_DEVICE_FAMILY = "1,2";
			};
			name = Debug;
		};
		478124A029EC98A400BE063C /* Release */ = {
			isa = XCBuildConfiguration;
			buildSettings = {
				ASSETCATALOG_COMPILER_APPICON_NAME = AppIcon;
				ASSETCATALOG_COMPILER_GLOBAL_ACCENT_COLOR_NAME = AccentColor;
				CODE_SIGN_STYLE = Automatic;
				CURRENT_PROJECT_VERSION = 1;
				DEVELOPMENT_ASSET_PATHS = "\"vfu/Preview Content\"";
				DEVELOPMENT_TEAM = B5F32ZQZV9;
				ENABLE_PREVIEWS = YES;
				GENERATE_INFOPLIST_FILE = YES;
				INFOPLIST_KEY_UIApplicationSceneManifest_Generation = YES;
				INFOPLIST_KEY_UIApplicationSupportsIndirectInputEvents = YES;
				INFOPLIST_KEY_UILaunchScreen_Generation = YES;
				INFOPLIST_KEY_UISupportedInterfaceOrientations_iPad = "UIInterfaceOrientationPortrait UIInterfaceOrientationPortraitUpsideDown UIInterfaceOrientationLandscapeLeft UIInterfaceOrientationLandscapeRight";
				INFOPLIST_KEY_UISupportedInterfaceOrientations_iPhone = "UIInterfaceOrientationPortrait UIInterfaceOrientationLandscapeLeft UIInterfaceOrientationLandscapeRight";
				LD_RUNPATH_SEARCH_PATHS = (
					"$(inherited)",
					"@executable_path/Frameworks",
				);
				MARKETING_VERSION = 1.0;
				PRODUCT_BUNDLE_IDENTIFIER = winmoe.vfu;
				PRODUCT_NAME = "$(TARGET_NAME)";
				SWIFT_EMIT_LOC_STRINGS = YES;
				SWIFT_VERSION = 5.0;
				TARGETED_DEVICE_FAMILY = "1,2";
			};
			name = Release;
		};
		478124A229EC98A400BE063C /* Debug */ = {
			isa = XCBuildConfiguration;
			buildSettings = {
				ALWAYS_EMBED_SWIFT_STANDARD_LIBRARIES = YES;
				BUNDLE_LOADER = "$(TEST_HOST)";
				CODE_SIGN_STYLE = Automatic;
				CURRENT_PROJECT_VERSION = 1;
				DEVELOPMENT_TEAM = B5F32ZQZV9;
				GENERATE_INFOPLIST_FILE = YES;
				IPHONEOS_DEPLOYMENT_TARGET = 16.2;
				MARKETING_VERSION = 1.0;
				PRODUCT_BUNDLE_IDENTIFIER = winmoe.vfuTests;
				PRODUCT_NAME = "$(TARGET_NAME)";
				SWIFT_EMIT_LOC_STRINGS = NO;
				SWIFT_VERSION = 5.0;
				TARGETED_DEVICE_FAMILY = "1,2";
				TEST_HOST = "$(BUILT_PRODUCTS_DIR)/vfu.app/$(BUNDLE_EXECUTABLE_FOLDER_PATH)/vfu";
			};
			name = Debug;
		};
		478124A329EC98A400BE063C /* Release */ = {
			isa = XCBuildConfiguration;
			buildSettings = {
				ALWAYS_EMBED_SWIFT_STANDARD_LIBRARIES = YES;
				BUNDLE_LOADER = "$(TEST_HOST)";
				CODE_SIGN_STYLE = Automatic;
				CURRENT_PROJECT_VERSION = 1;
				DEVELOPMENT_TEAM = B5F32ZQZV9;
				GENERATE_INFOPLIST_FILE = YES;
				IPHONEOS_DEPLOYMENT_TARGET = 16.2;
				MARKETING_VERSION = 1.0;
				PRODUCT_BUNDLE_IDENTIFIER = winmoe.vfuTests;
				PRODUCT_NAME = "$(TARGET_NAME)";
				SWIFT_EMIT_LOC_STRINGS = NO;
				SWIFT_VERSION = 5.0;
				TARGETED_DEVICE_FAMILY = "1,2";
				TEST_HOST = "$(BUILT_PRODUCTS_DIR)/vfu.app/$(BUNDLE_EXECUTABLE_FOLDER_PATH)/vfu";
			};
			name = Release;
		};
		478124A529EC98A400BE063C /* Debug */ = {
			isa = XCBuildConfiguration;
			buildSettings = {
				ALWAYS_EMBED_SWIFT_STANDARD_LIBRARIES = YES;
				CODE_SIGN_STYLE = Automatic;
				CURRENT_PROJECT_VERSION = 1;
				DEVELOPMENT_TEAM = B5F32ZQZV9;
				GENERATE_INFOPLIST_FILE = YES;
				MARKETING_VERSION = 1.0;
				PRODUCT_BUNDLE_IDENTIFIER = winmoe.vfuUITests;
				PRODUCT_NAME = "$(TARGET_NAME)";
				SWIFT_EMIT_LOC_STRINGS = NO;
				SWIFT_VERSION = 5.0;
				TARGETED_DEVICE_FAMILY = "1,2";
				TEST_TARGET_NAME = vfu;
			};
			name = Debug;
		};
		478124A629EC98A400BE063C /* Release */ = {
			isa = XCBuildConfiguration;
			buildSettings = {
				ALWAYS_EMBED_SWIFT_STANDARD_LIBRARIES = YES;
				CODE_SIGN_STYLE = Automatic;
				CURRENT_PROJECT_VERSION = 1;
				DEVELOPMENT_TEAM = B5F32ZQZV9;
				GENERATE_INFOPLIST_FILE = YES;
				MARKETING_VERSION = 1.0;
				PRODUCT_BUNDLE_IDENTIFIER = winmoe.vfuUITests;
				PRODUCT_NAME = "$(TARGET_NAME)";
				SWIFT_EMIT_LOC_STRINGS = NO;
				SWIFT_VERSION = 5.0;
				TARGETED_DEVICE_FAMILY = "1,2";
				TEST_TARGET_NAME = vfu;
			};
			name = Release;
		};
/* End XCBuildConfiguration section */

/* Begin XCConfigurationList section */
		4781247529EC98A300BE063C /* Build configuration list for PBXProject "vfu" */ = {
			isa = XCConfigurationList;
			buildConfigurations = (
				4781249C29EC98A400BE063C /* Debug */,
				4781249D29EC98A400BE063C /* Release */,
			);
			defaultConfigurationIsVisible = 0;
			defaultConfigurationName = Release;
		};
		4781249E29EC98A400BE063C /* Build configuration list for PBXNativeTarget "vfu" */ = {
			isa = XCConfigurationList;
			buildConfigurations = (
				4781249F29EC98A400BE063C /* Debug */,
				478124A029EC98A400BE063C /* Release */,
			);
			defaultConfigurationIsVisible = 0;
			defaultConfigurationName = Release;
		};
		478124A129EC98A400BE063C /* Build configuration list for PBXNativeTarget "vfuTests" */ = {
			isa = XCConfigurationList;
			buildConfigurations = (
				478124A229EC98A400BE063C /* Debug */,
				478124A329EC98A400BE063C /* Release */,
			);
			defaultConfigurationIsVisible = 0;
			defaultConfigurationName = Release;
		};
		478124A429EC98A400BE063C /* Build configuration list for PBXNativeTarget "vfuUITests" */ = {
			isa = XCConfigurationList;
			buildConfigurations = (
				478124A529EC98A400BE063C /* Debug */,
				478124A629EC98A400BE063C /* Release */,
			);
			defaultConfigurationIsVisible = 0;
			defaultConfigurationName = Release;
		};
/* End XCConfigurationList section */
	};
	rootObject = 4781247229EC98A300BE063C /* Project object */;
}
